
Microsoft Visual Studio Solution File, Format Version 12.00
# Visual Studio 15
VisualStudioVersion = 15.0.27004.2005
MinimumVisualStudioVersion = 10.0.40219.1
Project("{8BC9CEB8-8B4A-11D0-8D11-00A0C91BC942}") = "nwol_samples", "nwol_samples\nwol_samples.vcxproj", "{BCB7C89D-1FDB-47E5-997A-055F69B5D9AC}"
	ProjectSection(ProjectDependencies) = postProject
		{B18EB504-48CD-47EC-AB45-570E91A19993} = {B18EB504-48CD-47EC-AB45-570E91A19993}
		{E8429258-1001-4768-9B81-5E26B1330E1E} = {E8429258-1001-4768-9B81-5E26B1330E1E}
		{FB524DFB-9C80-44E0-8408-D7565885E117} = {FB524DFB-9C80-44E0-8408-D7565885E117}
	EndProjectSection
EndProject
Project("{8BC9CEB8-8B4A-11D0-8D11-00A0C91BC942}") = "ascii_reference", "ascii_reference\ascii_reference.vcxproj", "{B9712065-2F73-471B-ADD8-5975E24D8455}"
	ProjectSection(ProjectDependencies) = postProject
		{B18EB504-48CD-47EC-AB45-570E91A19993} = {B18EB504-48CD-47EC-AB45-570E91A19993}
		{E8429258-1001-4768-9B81-5E26B1330E1E} = {E8429258-1001-4768-9B81-5E26B1330E1E}
		{37F435E0-9FA4-4085-AC41-9117A6123BBE} = {37F435E0-9FA4-4085-AC41-9117A6123BBE}
		{FB524DFB-9C80-44E0-8408-D7565885E117} = {FB524DFB-9C80-44E0-8408-D7565885E117}
	EndProjectSection
EndProject
Project("{8BC9CEB8-8B4A-11D0-8D11-00A0C91BC942}") = "nwoa", "nwoa\nwoa.vcxproj", "{D40F97CA-EB86-4197-8FCD-52D1C33CD61C}"
	ProjectSection(ProjectDependencies) = postProject
		{B18EB504-48CD-47EC-AB45-570E91A19993} = {B18EB504-48CD-47EC-AB45-570E91A19993}
		{E8429258-1001-4768-9B81-5E26B1330E1E} = {E8429258-1001-4768-9B81-5E26B1330E1E}
		{37F435E0-9FA4-4085-AC41-9117A6123BBE} = {37F435E0-9FA4-4085-AC41-9117A6123BBE}
		{FB524DFB-9C80-44E0-8408-D7565885E117} = {FB524DFB-9C80-44E0-8408-D7565885E117}
	EndProjectSection
EndProject
Project("{8BC9CEB8-8B4A-11D0-8D11-00A0C91BC942}") = "nwos", "nwos\nwos.vcxproj", "{89961DA7-324D-4CFB-87D2-FBAA35FABE3F}"
	ProjectSection(ProjectDependencies) = postProject
		{B18EB504-48CD-47EC-AB45-570E91A19993} = {B18EB504-48CD-47EC-AB45-570E91A19993}
		{E8429258-1001-4768-9B81-5E26B1330E1E} = {E8429258-1001-4768-9B81-5E26B1330E1E}
		{37F435E0-9FA4-4085-AC41-9117A6123BBE} = {37F435E0-9FA4-4085-AC41-9117A6123BBE}
		{FB524DFB-9C80-44E0-8408-D7565885E117} = {FB524DFB-9C80-44E0-8408-D7565885E117}
	EndProjectSection
EndProject
Project("{8BC9CEB8-8B4A-11D0-8D11-00A0C91BC942}") = "tictactoe", "tictactoe\tictactoe.vcxproj", "{59C9ED54-6CFB-4C6C-8CBB-47BCA29CD88C}"
	ProjectSection(ProjectDependencies) = postProject
		{B18EB504-48CD-47EC-AB45-570E91A19993} = {B18EB504-48CD-47EC-AB45-570E91A19993}
		{E8429258-1001-4768-9B81-5E26B1330E1E} = {E8429258-1001-4768-9B81-5E26B1330E1E}
		{37F435E0-9FA4-4085-AC41-9117A6123BBE} = {37F435E0-9FA4-4085-AC41-9117A6123BBE}
		{FB524DFB-9C80-44E0-8408-D7565885E117} = {FB524DFB-9C80-44E0-8408-D7565885E117}
	EndProjectSection
EndProject
Project("{8BC9CEB8-8B4A-11D0-8D11-00A0C91BC942}") = "nwol", "..\nwol\nwol\nwol.vcxproj", "{B18EB504-48CD-47EC-AB45-570E91A19993}"
EndProject
Project("{8BC9CEB8-8B4A-11D0-8D11-00A0C91BC942}") = "gods", "..\nwol\gods\gods.vcxproj", "{E8429258-1001-4768-9B81-5E26B1330E1E}"
EndProject
Project("{8BC9CEB8-8B4A-11D0-8D11-00A0C91BC942}") = "gddm", "..\nwol\gddm\gddm.vcxproj", "{FB524DFB-9C80-44E0-8408-D7565885E117}"
EndProject
Project("{8BC9CEB8-8B4A-11D0-8D11-00A0C91BC942}") = "nwor", "..\nwol\nwor\nwor.vcxproj", "{37F435E0-9FA4-4085-AC41-9117A6123BBE}"
	ProjectSection(ProjectDependencies) = postProject
		{B18EB504-48CD-47EC-AB45-570E91A19993} = {B18EB504-48CD-47EC-AB45-570E91A19993}
		{E8429258-1001-4768-9B81-5E26B1330E1E} = {E8429258-1001-4768-9B81-5E26B1330E1E}
		{FB524DFB-9C80-44E0-8408-D7565885E117} = {FB524DFB-9C80-44E0-8408-D7565885E117}
	EndProjectSection
EndProject
Project("{8BC9CEB8-8B4A-11D0-8D11-00A0C91BC942}") = "template", "template\template.vcxproj", "{878B9CA4-D733-4500-9B86-3DF2808CEEB7}"
	ProjectSection(ProjectDependencies) = postProject
		{B18EB504-48CD-47EC-AB45-570E91A19993} = {B18EB504-48CD-47EC-AB45-570E91A19993}
		{E8429258-1001-4768-9B81-5E26B1330E1E} = {E8429258-1001-4768-9B81-5E26B1330E1E}
		{37F435E0-9FA4-4085-AC41-9117A6123BBE} = {37F435E0-9FA4-4085-AC41-9117A6123BBE}
		{FB524DFB-9C80-44E0-8408-D7565885E117} = {FB524DFB-9C80-44E0-8408-D7565885E117}
	EndProjectSection
EndProject
Global
	GlobalSection(SolutionConfigurationPlatforms) = preSolution
		Debug|x64 = Debug|x64
		Debug|x86 = Debug|x86
		Release|x64 = Release|x64
		Release|x86 = Release|x86
	EndGlobalSection
	GlobalSection(ProjectConfigurationPlatforms) = postSolution
		{BCB7C89D-1FDB-47E5-997A-055F69B5D9AC}.Debug|x64.ActiveCfg = Debug|x64
		{BCB7C89D-1FDB-47E5-997A-055F69B5D9AC}.Debug|x64.Build.0 = Debug|x64
		{BCB7C89D-1FDB-47E5-997A-055F69B5D9AC}.Debug|x86.ActiveCfg = Debug|Win32
		{BCB7C89D-1FDB-47E5-997A-055F69B5D9AC}.Debug|x86.Build.0 = Debug|Win32
		{BCB7C89D-1FDB-47E5-997A-055F69B5D9AC}.Release|x64.ActiveCfg = Release|x64
		{BCB7C89D-1FDB-47E5-997A-055F69B5D9AC}.Release|x64.Build.0 = Release|x64
		{BCB7C89D-1FDB-47E5-997A-055F69B5D9AC}.Release|x86.ActiveCfg = Release|Win32
		{BCB7C89D-1FDB-47E5-997A-055F69B5D9AC}.Release|x86.Build.0 = Release|Win32
		{B9712065-2F73-471B-ADD8-5975E24D8455}.Debug|x64.ActiveCfg = Debug|x64
		{B9712065-2F73-471B-ADD8-5975E24D8455}.Debug|x64.Build.0 = Debug|x64
		{B9712065-2F73-471B-ADD8-5975E24D8455}.Debug|x86.ActiveCfg = Debug|Win32
		{B9712065-2F73-471B-ADD8-5975E24D8455}.Debug|x86.Build.0 = Debug|Win32
		{B9712065-2F73-471B-ADD8-5975E24D8455}.Release|x64.ActiveCfg = Release|x64
		{B9712065-2F73-471B-ADD8-5975E24D8455}.Release|x64.Build.0 = Release|x64
		{B9712065-2F73-471B-ADD8-5975E24D8455}.Release|x86.ActiveCfg = Release|Win32
		{B9712065-2F73-471B-ADD8-5975E24D8455}.Release|x86.Build.0 = Release|Win32
		{D40F97CA-EB86-4197-8FCD-52D1C33CD61C}.Debug|x64.ActiveCfg = Debug|x64
		{D40F97CA-EB86-4197-8FCD-52D1C33CD61C}.Debug|x64.Build.0 = Debug|x64
		{D40F97CA-EB86-4197-8FCD-52D1C33CD61C}.Debug|x86.ActiveCfg = Debug|Win32
		{D40F97CA-EB86-4197-8FCD-52D1C33CD61C}.Debug|x86.Build.0 = Debug|Win32
		{D40F97CA-EB86-4197-8FCD-52D1C33CD61C}.Release|x64.ActiveCfg = Release|x64
		{D40F97CA-EB86-4197-8FCD-52D1C33CD61C}.Release|x64.Build.0 = Release|x64
		{D40F97CA-EB86-4197-8FCD-52D1C33CD61C}.Release|x86.ActiveCfg = Release|Win32
		{D40F97CA-EB86-4197-8FCD-52D1C33CD61C}.Release|x86.Build.0 = Release|Win32
		{89961DA7-324D-4CFB-87D2-FBAA35FABE3F}.Debug|x64.ActiveCfg = Debug|x64
		{89961DA7-324D-4CFB-87D2-FBAA35FABE3F}.Debug|x64.Build.0 = Debug|x64
		{89961DA7-324D-4CFB-87D2-FBAA35FABE3F}.Debug|x86.ActiveCfg = Debug|Win32
		{89961DA7-324D-4CFB-87D2-FBAA35FABE3F}.Debug|x86.Build.0 = Debug|Win32
		{89961DA7-324D-4CFB-87D2-FBAA35FABE3F}.Release|x64.ActiveCfg = Release|x64
		{89961DA7-324D-4CFB-87D2-FBAA35FABE3F}.Release|x64.Build.0 = Release|x64
		{89961DA7-324D-4CFB-87D2-FBAA35FABE3F}.Release|x86.ActiveCfg = Release|Win32
		{89961DA7-324D-4CFB-87D2-FBAA35FABE3F}.Release|x86.Build.0 = Release|Win32
		{59C9ED54-6CFB-4C6C-8CBB-47BCA29CD88C}.Debug|x64.ActiveCfg = Debug|x64
		{59C9ED54-6CFB-4C6C-8CBB-47BCA29CD88C}.Debug|x64.Build.0 = Debug|x64
		{59C9ED54-6CFB-4C6C-8CBB-47BCA29CD88C}.Debug|x86.ActiveCfg = Debug|Win32
		{59C9ED54-6CFB-4C6C-8CBB-47BCA29CD88C}.Debug|x86.Build.0 = Debug|Win32
		{59C9ED54-6CFB-4C6C-8CBB-47BCA29CD88C}.Release|x64.ActiveCfg = Release|x64
		{59C9ED54-6CFB-4C6C-8CBB-47BCA29CD88C}.Release|x64.Build.0 = Release|x64
		{59C9ED54-6CFB-4C6C-8CBB-47BCA29CD88C}.Release|x86.ActiveCfg = Release|Win32
		{59C9ED54-6CFB-4C6C-8CBB-47BCA29CD88C}.Release|x86.Build.0 = Release|Win32
		{B18EB504-48CD-47EC-AB45-570E91A19993}.Debug|x64.ActiveCfg = Debug|x64
		{B18EB504-48CD-47EC-AB45-570E91A19993}.Debug|x64.Build.0 = Debug|x64
		{B18EB504-48CD-47EC-AB45-570E91A19993}.Debug|x86.ActiveCfg = Debug|Win32
		{B18EB504-48CD-47EC-AB45-570E91A19993}.Debug|x86.Build.0 = Debug|Win32
		{B18EB504-48CD-47EC-AB45-570E91A19993}.Release|x64.ActiveCfg = Release|x64
		{B18EB504-48CD-47EC-AB45-570E91A19993}.Release|x64.Build.0 = Release|x64
		{B18EB504-48CD-47EC-AB45-570E91A19993}.Release|x86.ActiveCfg = Release|Win32
		{B18EB504-48CD-47EC-AB45-570E91A19993}.Release|x86.Build.0 = Release|Win32
		{E8429258-1001-4768-9B81-5E26B1330E1E}.Debug|x64.ActiveCfg = Debug|x64
		{E8429258-1001-4768-9B81-5E26B1330E1E}.Debug|x64.Build.0 = Debug|x64
		{E8429258-1001-4768-9B81-5E26B1330E1E}.Debug|x86.ActiveCfg = Debug|Win32
		{E8429258-1001-4768-9B81-5E26B1330E1E}.Debug|x86.Build.0 = Debug|Win32
		{E8429258-1001-4768-9B81-5E26B1330E1E}.Release|x64.ActiveCfg = Release|x64
		{E8429258-1001-4768-9B81-5E26B1330E1E}.Release|x64.Build.0 = Release|x64
		{E8429258-1001-4768-9B81-5E26B1330E1E}.Release|x86.ActiveCfg = Release|Win32
		{E8429258-1001-4768-9B81-5E26B1330E1E}.Release|x86.Build.0 = Release|Win32
		{FB524DFB-9C80-44E0-8408-D7565885E117}.Debug|x64.ActiveCfg = Debug|x64
		{FB524DFB-9C80-44E0-8408-D7565885E117}.Debug|x64.Build.0 = Debug|x64
		{FB524DFB-9C80-44E0-8408-D7565885E117}.Debug|x86.ActiveCfg = Debug|Win32
		{FB524DFB-9C80-44E0-8408-D7565885E117}.Debug|x86.Build.0 = Debug|Win32
		{FB524DFB-9C80-44E0-8408-D7565885E117}.Release|x64.ActiveCfg = Release|x64
		{FB524DFB-9C80-44E0-8408-D7565885E117}.Release|x64.Build.0 = Release|x64
		{FB524DFB-9C80-44E0-8408-D7565885E117}.Release|x86.ActiveCfg = Release|Win32
		{FB524DFB-9C80-44E0-8408-D7565885E117}.Release|x86.Build.0 = Release|Win32
		{37F435E0-9FA4-4085-AC41-9117A6123BBE}.Debug|x64.ActiveCfg = Debug|x64
		{37F435E0-9FA4-4085-AC41-9117A6123BBE}.Debug|x64.Build.0 = Debug|x64
		{37F435E0-9FA4-4085-AC41-9117A6123BBE}.Debug|x86.ActiveCfg = Debug|Win32
		{37F435E0-9FA4-4085-AC41-9117A6123BBE}.Debug|x86.Build.0 = Debug|Win32
		{37F435E0-9FA4-4085-AC41-9117A6123BBE}.Release|x64.ActiveCfg = Release|x64
		{37F435E0-9FA4-4085-AC41-9117A6123BBE}.Release|x64.Build.0 = Release|x64
		{37F435E0-9FA4-4085-AC41-9117A6123BBE}.Release|x86.ActiveCfg = Release|Win32
		{37F435E0-9FA4-4085-AC41-9117A6123BBE}.Release|x86.Build.0 = Release|Win32
		{878B9CA4-D733-4500-9B86-3DF2808CEEB7}.Debug|x64.ActiveCfg = Debug|x64
		{878B9CA4-D733-4500-9B86-3DF2808CEEB7}.Debug|x64.Build.0 = Debug|x64
		{878B9CA4-D733-4500-9B86-3DF2808CEEB7}.Debug|x86.ActiveCfg = Debug|Win32
		{878B9CA4-D733-4500-9B86-3DF2808CEEB7}.Debug|x86.Build.0 = Debug|Win32
		{878B9CA4-D733-4500-9B86-3DF2808CEEB7}.Release|x64.ActiveCfg = Release|x64
		{878B9CA4-D733-4500-9B86-3DF2808CEEB7}.Release|x64.Build.0 = Release|x64
		{878B9CA4-D733-4500-9B86-3DF2808CEEB7}.Release|x86.ActiveCfg = Release|Win32
		{878B9CA4-D733-4500-9B86-3DF2808CEEB7}.Release|x86.Build.0 = Release|Win32
	EndGlobalSection
	GlobalSection(SolutionProperties) = preSolution
		HideSolutionNode = FALSE
	EndGlobalSection
	GlobalSection(ExtensibilityGlobals) = postSolution
		SolutionGuid = {8920BBB3-23CC-498A-B2CD-88C17E5CE921}
	EndGlobalSection
EndGlobal
